
Microsoft Visual Studio Solution File, Format Version 12.00
# Visual Studio Version 16
VisualStudioVersion = 16.0.31613.86
MinimumVisualStudioVersion = 10.0.40219.1
Project("{FAE04EC0-301F-11D3-BF4B-00C04F79EFBC}") = "GreekAlphabetApp", "GreekAlphabetApp\GreekAlphabetApp.csproj", "{65D24F08-2D71-4D35-8F25-80FAC9AED8EC}"
EndProject
Global
	GlobalSection(SolutionConfigurationPlatforms) = preSolution
		Debug|Any CPU = Debug|Any CPU
		Release|Any CPU = Release|Any CPU
	EndGlobalSection
	GlobalSection(ProjectConfigurationPlatforms) = postSolution
		{65D24F08-2D71-4D35-8F25-80FAC9AED8EC}.Debug|Any CPU.ActiveCfg = Debug|Any CPU
		{65D24F08-2D71-4D35-8F25-80FAC9AED8EC}.Debug|Any CPU.Build.0 = Debug|Any CPU
		{65D24F08-2D71-4D35-8F25-80FAC9AED8EC}.Release|Any CPU.ActiveCfg = Release|Any CPU
		{65D24F08-2D71-4D35-8F25-80FAC9AED8EC}.Release|Any CPU.Build.0 = Release|Any CPU
	EndGlobalSection
	GlobalSection(SolutionProperties) = preSolution
		HideSolutionNode = FALSE
	EndGlobalSection
	GlobalSection(ExtensibilityGlobals) = postSolution
		SolutionGuid = {CE0663B6-5FEF-401D-9A20-745FEF607DD5}
	EndGlobalSection
EndGlobal
